
Microsoft Visual Studio Solution File, Format Version 12.00
Project("{FAE04EC0-301F-11D3-BF4B-00C04F79EFBC}") = "TNE.TestProject.WebApi", "TNE.TestProject.WebApi.csproj", "{8AD537C1-15E7-421C-8DB4-CDD1A2C8D35D}"
EndProject
Global
	GlobalSection(SolutionConfigurationPlatforms) = preSolution
		Debug|Any CPU = Debug|Any CPU
		Release|Any CPU = Release|Any CPU
	EndGlobalSection
	GlobalSection(ProjectConfigurationPlatforms) = postSolution
		{8AD537C1-15E7-421C-8DB4-CDD1A2C8D35D}.Debug|Any CPU.ActiveCfg = Debug|Any CPU
		{8AD537C1-15E7-421C-8DB4-CDD1A2C8D35D}.Debug|Any CPU.Build.0 = Debug|Any CPU
		{8AD537C1-15E7-421C-8DB4-CDD1A2C8D35D}.Release|Any CPU.ActiveCfg = Release|Any CPU
		{8AD537C1-15E7-421C-8DB4-CDD1A2C8D35D}.Release|Any CPU.Build.0 = Release|Any CPU
	EndGlobalSection
EndGlobal
